
Microsoft Visual Studio Solution File, Format Version 12.00
# Visual Studio Version 16
VisualStudioVersion = 16.0.31911.196
MinimumVisualStudioVersion = 10.0.40219.1
Project("{9A19103F-16F7-4668-BE54-9A1E7A4F7556}") = "Projeto.Lib", "Projeto\Projeto.Lib.csproj", "{4407CB0D-0108-43D1-8756-6B7E6CD39C96}"
EndProject
Project("{9A19103F-16F7-4668-BE54-9A1E7A4F7556}") = "Projeto.Tests", "ProjetoTests\Projeto.Tests.csproj", "{40B7FB4E-0D93-406B-8001-68BEF2C48EDF}"
EndProject
Project("{9A19103F-16F7-4668-BE54-9A1E7A4F7556}") = "Projeto.ConsoleApp", "Projeto.ConsoleApp\Projeto.ConsoleApp.csproj", "{2EAF5949-4DE1-4518-BAB2-461B81EA796E}"
EndProject
Project("{2150E333-8FDC-42A3-9474-1A3956D46DE8}") = "Documentacao", "Documentacao", "{5B82D684-96A1-453A-B9C5-213136750232}"
	ProjectSection(SolutionItems) = preProject
		Documentation\PROJETO I.pdf = Documentation\PROJETO I.pdf
	EndProjectSection
EndProject
Project("{9A19103F-16F7-4668-BE54-9A1E7A4F7556}") = "Projeto.DAL", "Projeto.DAL\Projeto.DAL.csproj", "{55B54B15-BBE7-4D90-8447-D88BF62F92BB}"
EndProject
Project("{FAE04EC0-301F-11D3-BF4B-00C04F79EFBC}") = "Projeto.BLL", "Projeto.BLL\Projeto.BLL.csproj", "{C2446FCD-177F-4A32-82E0-E9734A2E991B}"
EndProject
Global
	GlobalSection(SolutionConfigurationPlatforms) = preSolution
		Debug|Any CPU = Debug|Any CPU
		Debug|x64 = Debug|x64
		Debug|x86 = Debug|x86
		Release|Any CPU = Release|Any CPU
		Release|x64 = Release|x64
		Release|x86 = Release|x86
	EndGlobalSection
	GlobalSection(ProjectConfigurationPlatforms) = postSolution
		{4407CB0D-0108-43D1-8756-6B7E6CD39C96}.Debug|Any CPU.ActiveCfg = Debug|Any CPU
		{4407CB0D-0108-43D1-8756-6B7E6CD39C96}.Debug|Any CPU.Build.0 = Debug|Any CPU
		{4407CB0D-0108-43D1-8756-6B7E6CD39C96}.Debug|x64.ActiveCfg = Debug|Any CPU
		{4407CB0D-0108-43D1-8756-6B7E6CD39C96}.Debug|x64.Build.0 = Debug|Any CPU
		{4407CB0D-0108-43D1-8756-6B7E6CD39C96}.Debug|x86.ActiveCfg = Debug|Any CPU
		{4407CB0D-0108-43D1-8756-6B7E6CD39C96}.Debug|x86.Build.0 = Debug|Any CPU
		{4407CB0D-0108-43D1-8756-6B7E6CD39C96}.Release|Any CPU.ActiveCfg = Release|Any CPU
		{4407CB0D-0108-43D1-8756-6B7E6CD39C96}.Release|Any CPU.Build.0 = Release|Any CPU
		{4407CB0D-0108-43D1-8756-6B7E6CD39C96}.Release|x64.ActiveCfg = Release|Any CPU
		{4407CB0D-0108-43D1-8756-6B7E6CD39C96}.Release|x64.Build.0 = Release|Any CPU
		{4407CB0D-0108-43D1-8756-6B7E6CD39C96}.Release|x86.ActiveCfg = Release|Any CPU
		{4407CB0D-0108-43D1-8756-6B7E6CD39C96}.Release|x86.Build.0 = Release|Any CPU
		{40B7FB4E-0D93-406B-8001-68BEF2C48EDF}.Debug|Any CPU.ActiveCfg = Debug|Any CPU
		{40B7FB4E-0D93-406B-8001-68BEF2C48EDF}.Debug|Any CPU.Build.0 = Debug|Any CPU
		{40B7FB4E-0D93-406B-8001-68BEF2C48EDF}.Debug|x64.ActiveCfg = Debug|Any CPU
		{40B7FB4E-0D93-406B-8001-68BEF2C48EDF}.Debug|x64.Build.0 = Debug|Any CPU
		{40B7FB4E-0D93-406B-8001-68BEF2C48EDF}.Debug|x86.ActiveCfg = Debug|Any CPU
		{40B7FB4E-0D93-406B-8001-68BEF2C48EDF}.Debug|x86.Build.0 = Debug|Any CPU
		{40B7FB4E-0D93-406B-8001-68BEF2C48EDF}.Release|Any CPU.ActiveCfg = Release|Any CPU
		{40B7FB4E-0D93-406B-8001-68BEF2C48EDF}.Release|Any CPU.Build.0 = Release|Any CPU
		{40B7FB4E-0D93-406B-8001-68BEF2C48EDF}.Release|x64.ActiveCfg = Release|Any CPU
		{40B7FB4E-0D93-406B-8001-68BEF2C48EDF}.Release|x64.Build.0 = Release|Any CPU
		{40B7FB4E-0D93-406B-8001-68BEF2C48EDF}.Release|x86.ActiveCfg = Release|Any CPU
		{40B7FB4E-0D93-406B-8001-68BEF2C48EDF}.Release|x86.Build.0 = Release|Any CPU
		{2EAF5949-4DE1-4518-BAB2-461B81EA796E}.Debug|Any CPU.ActiveCfg = Debug|Any CPU
		{2EAF5949-4DE1-4518-BAB2-461B81EA796E}.Debug|Any CPU.Build.0 = Debug|Any CPU
		{2EAF5949-4DE1-4518-BAB2-461B81EA796E}.Debug|x64.ActiveCfg = Debug|Any CPU
		{2EAF5949-4DE1-4518-BAB2-461B81EA796E}.Debug|x64.Build.0 = Debug|Any CPU
		{2EAF5949-4DE1-4518-BAB2-461B81EA796E}.Debug|x86.ActiveCfg = Debug|Any CPU
		{2EAF5949-4DE1-4518-BAB2-461B81EA796E}.Debug|x86.Build.0 = Debug|Any CPU
		{2EAF5949-4DE1-4518-BAB2-461B81EA796E}.Release|Any CPU.ActiveCfg = Release|Any CPU
		{2EAF5949-4DE1-4518-BAB2-461B81EA796E}.Release|Any CPU.Build.0 = Release|Any CPU
		{2EAF5949-4DE1-4518-BAB2-461B81EA796E}.Release|x64.ActiveCfg = Release|Any CPU
		{2EAF5949-4DE1-4518-BAB2-461B81EA796E}.Release|x64.Build.0 = Release|Any CPU
		{2EAF5949-4DE1-4518-BAB2-461B81EA796E}.Release|x86.ActiveCfg = Release|Any CPU
		{2EAF5949-4DE1-4518-BAB2-461B81EA796E}.Release|x86.Build.0 = Release|Any CPU
		{55B54B15-BBE7-4D90-8447-D88BF62F92BB}.Debug|Any CPU.ActiveCfg = Debug|Any CPU
		{55B54B15-BBE7-4D90-8447-D88BF62F92BB}.Debug|Any CPU.Build.0 = Debug|Any CPU
		{55B54B15-BBE7-4D90-8447-D88BF62F92BB}.Debug|x64.ActiveCfg = Debug|Any CPU
		{55B54B15-BBE7-4D90-8447-D88BF62F92BB}.Debug|x64.Build.0 = Debug|Any CPU
		{55B54B15-BBE7-4D90-8447-D88BF62F92BB}.Debug|x86.ActiveCfg = Debug|Any CPU
		{55B54B15-BBE7-4D90-8447-D88BF62F92BB}.Debug|x86.Build.0 = Debug|Any CPU
		{55B54B15-BBE7-4D90-8447-D88BF62F92BB}.Release|Any CPU.ActiveCfg = Release|Any CPU
		{55B54B15-BBE7-4D90-8447-D88BF62F92BB}.Release|Any CPU.Build.0 = Release|Any CPU
		{55B54B15-BBE7-4D90-8447-D88BF62F92BB}.Release|x64.ActiveCfg = Release|Any CPU
		{55B54B15-BBE7-4D90-8447-D88BF62F92BB}.Release|x64.Build.0 = Release|Any CPU
		{55B54B15-BBE7-4D90-8447-D88BF62F92BB}.Release|x86.ActiveCfg = Release|Any CPU
		{55B54B15-BBE7-4D90-8447-D88BF62F92BB}.Release|x86.Build.0 = Release|Any CPU
		{C2446FCD-177F-4A32-82E0-E9734A2E991B}.Debug|Any CPU.ActiveCfg = Debug|Any CPU
		{C2446FCD-177F-4A32-82E0-E9734A2E991B}.Debug|Any CPU.Build.0 = Debug|Any CPU
		{C2446FCD-177F-4A32-82E0-E9734A2E991B}.Debug|x64.ActiveCfg = Debug|Any CPU
		{C2446FCD-177F-4A32-82E0-E9734A2E991B}.Debug|x64.Build.0 = Debug|Any CPU
		{C2446FCD-177F-4A32-82E0-E9734A2E991B}.Debug|x86.ActiveCfg = Debug|Any CPU
		{C2446FCD-177F-4A32-82E0-E9734A2E991B}.Debug|x86.Build.0 = Debug|Any CPU
		{C2446FCD-177F-4A32-82E0-E9734A2E991B}.Release|Any CPU.ActiveCfg = Release|Any CPU
		{C2446FCD-177F-4A32-82E0-E9734A2E991B}.Release|Any CPU.Build.0 = Release|Any CPU
		{C2446FCD-177F-4A32-82E0-E9734A2E991B}.Release|x64.ActiveCfg = Release|Any CPU
		{C2446FCD-177F-4A32-82E0-E9734A2E991B}.Release|x64.Build.0 = Release|Any CPU
		{C2446FCD-177F-4A32-82E0-E9734A2E991B}.Release|x86.ActiveCfg = Release|Any CPU
		{C2446FCD-177F-4A32-82E0-E9734A2E991B}.Release|x86.Build.0 = Release|Any CPU
	EndGlobalSection
	GlobalSection(SolutionProperties) = preSolution
		HideSolutionNode = FALSE
	EndGlobalSection
	GlobalSection(ExtensibilityGlobals) = postSolution
		SolutionGuid = {5C5B1F1A-753D-45AA-94D5-3C93773D3769}
	EndGlobalSection
EndGlobal
